# This file was autogenerated by Stack.
# You should not edit this file by hand.
# For more information, please see the documentation at:
#   https://docs.haskellstack.org/en/stable/lock_files

packages:
- completed:
    hackage: fused-effects-1.0.2.2@sha256:d5158904908e9234a19f7a249e2dcf9fe1d5b663d553bc4d393214b5c6c5340d,4941
    pantry-tree:
      size: 5638
      sha256: 1b97cfe182bef614093733cdbff520b91b7d4eeeec9bad94df02c5b650917447
  original:
    hackage: fused-effects-1.0.2.2
snapshots:
- completed:
    size: 531707
    url: https://raw.githubusercontent.com/commercialhaskell/stackage-snapshots/master/lts/16/5.yaml
    sha256: 9751e25e0af5713a53ddcfcc79564b082c71b1b357fadef0d85672a5b5ba3703
  original: lts-16.5
